
Microsoft Visual Studio Solution File, Format Version 12.00
# Visual Studio 15
VisualStudioVersion = 15.0.27428.2015
MinimumVisualStudioVersion = 10.0.40219.1
Project("{FAE04EC0-301F-11D3-BF4B-00C04F79EFBC}") = "IndyCivicHack2018", "IndyCivicHack2018\IndyCivicHack2018.csproj", "{CEE51EEF-C94E-4174-8A00-D9DF32D20F9F}"
EndProject
Global
	GlobalSection(SolutionConfigurationPlatforms) = preSolution
		Debug|Any CPU = Debug|Any CPU
		Release|Any CPU = Release|Any CPU
	EndGlobalSection
	GlobalSection(ProjectConfigurationPlatforms) = postSolution
		{CEE51EEF-C94E-4174-8A00-D9DF32D20F9F}.Debug|Any CPU.ActiveCfg = Debug|Any CPU
		{CEE51EEF-C94E-4174-8A00-D9DF32D20F9F}.Debug|Any CPU.Build.0 = Debug|Any CPU
		{CEE51EEF-C94E-4174-8A00-D9DF32D20F9F}.Release|Any CPU.ActiveCfg = Release|Any CPU
		{CEE51EEF-C94E-4174-8A00-D9DF32D20F9F}.Release|Any CPU.Build.0 = Release|Any CPU
	EndGlobalSection
	GlobalSection(SolutionProperties) = preSolution
		HideSolutionNode = FALSE
	EndGlobalSection
	GlobalSection(ExtensibilityGlobals) = postSolution
		SolutionGuid = {B0DB46FB-0391-4D19-AAD3-2FA5EF6910A0}
	EndGlobalSection
EndGlobal
